
Microsoft Visual Studio Solution File, Format Version 12.00
# Visual Studio Version 17
VisualStudioVersion = 17.7.34031.279
MinimumVisualStudioVersion = 10.0.40219.1
Project("{FAE04EC0-301F-11D3-BF4B-00C04F79EFBC}") = "SimplexAv", "SimplexAv\SimplexAv.csproj", "{88CBDC2D-98B2-48CD-BBF4-D7E2440DB216}"
EndProject
Project("{FAE04EC0-301F-11D3-BF4B-00C04F79EFBC}") = "SimplexAvLib", "SimplexAvLib\SimplexAvLib.csproj", "{0B817CE7-C0C9-41BE-BF45-2EE735DECFF6}"
EndProject
Global
	GlobalSection(SolutionConfigurationPlatforms) = preSolution
		Debug|Any CPU = Debug|Any CPU
		Release|Any CPU = Release|Any CPU
	EndGlobalSection
	GlobalSection(ProjectConfigurationPlatforms) = postSolution
		{88CBDC2D-98B2-48CD-BBF4-D7E2440DB216}.Debug|Any CPU.ActiveCfg = Debug|Any CPU
		{88CBDC2D-98B2-48CD-BBF4-D7E2440DB216}.Debug|Any CPU.Build.0 = Debug|Any CPU
		{88CBDC2D-98B2-48CD-BBF4-D7E2440DB216}.Release|Any CPU.ActiveCfg = Release|Any CPU
		{88CBDC2D-98B2-48CD-BBF4-D7E2440DB216}.Release|Any CPU.Build.0 = Release|Any CPU
		{0B817CE7-C0C9-41BE-BF45-2EE735DECFF6}.Debug|Any CPU.ActiveCfg = Debug|Any CPU
		{0B817CE7-C0C9-41BE-BF45-2EE735DECFF6}.Debug|Any CPU.Build.0 = Debug|Any CPU
		{0B817CE7-C0C9-41BE-BF45-2EE735DECFF6}.Release|Any CPU.ActiveCfg = Release|Any CPU
		{0B817CE7-C0C9-41BE-BF45-2EE735DECFF6}.Release|Any CPU.Build.0 = Release|Any CPU
	EndGlobalSection
	GlobalSection(SolutionProperties) = preSolution
		HideSolutionNode = FALSE
	EndGlobalSection
	GlobalSection(ExtensibilityGlobals) = postSolution
		SolutionGuid = {B9F4AEAC-2DDF-4AB6-BDDC-C9C07295ED6E}
	EndGlobalSection
EndGlobal
